
Microsoft Visual Studio Solution File, Format Version 12.00
# Visual Studio Version 16
VisualStudioVersion = 16.0.808.9
MinimumVisualStudioVersion = 10.0.40219.1
Project("{FAE04EC0-301F-11D3-BF4B-00C04F79EFBC}") = "ZooKeeperApplication", "ZooKeeperApplication\ZooKeeperApplication.csproj", "{4E0E7704-A2F7-439E-8277-51CB8FD48AC9}"
EndProject
Project("{2150E333-8FDC-42A3-9474-1A3956D46DE8}") = "Solution Items", "Solution Items", "{448FD50C-B0B9-477D-8CF8-FB204C7E1B1F}"
EndProject
Global
	GlobalSection(SolutionConfigurationPlatforms) = preSolution
		Debug|Any CPU = Debug|Any CPU
		Release|Any CPU = Release|Any CPU
	EndGlobalSection
	GlobalSection(ProjectConfigurationPlatforms) = postSolution
		{4E0E7704-A2F7-439E-8277-51CB8FD48AC9}.Debug|Any CPU.ActiveCfg = Debug|Any CPU
		{4E0E7704-A2F7-439E-8277-51CB8FD48AC9}.Debug|Any CPU.Build.0 = Debug|Any CPU
		{4E0E7704-A2F7-439E-8277-51CB8FD48AC9}.Release|Any CPU.ActiveCfg = Release|Any CPU
		{4E0E7704-A2F7-439E-8277-51CB8FD48AC9}.Release|Any CPU.Build.0 = Release|Any CPU
	EndGlobalSection
	GlobalSection(SolutionProperties) = preSolution
		HideSolutionNode = FALSE
	EndGlobalSection
	GlobalSection(ExtensibilityGlobals) = postSolution
		SolutionGuid = {1C532C18-795B-4DC3-BCDD-A54D5B023302}
	EndGlobalSection
EndGlobal
